
Microsoft Visual Studio Solution File, Format Version 12.00
# Visual Studio 15
Project("{FAE04EC0-301F-11D3-BF4B-00C04F79EFBC}") = "Assembly-CSharp", "Assembly-CSharp.csproj", "{FD2C6E6E-5B9A-C20D-8A0B-1485191AA617}"
EndProject
Global
	GlobalSection(SolutionConfigurationPlatforms) = preSolution
		Debug|Any CPU = Debug|Any CPU
		Release|Any CPU = Release|Any CPU
	EndGlobalSection
	GlobalSection(ProjectConfigurationPlatforms) = postSolution
		{FD2C6E6E-5B9A-C20D-8A0B-1485191AA617}.Debug|Any CPU.ActiveCfg = Debug|Any CPU
		{FD2C6E6E-5B9A-C20D-8A0B-1485191AA617}.Debug|Any CPU.Build.0 = Debug|Any CPU
		{FD2C6E6E-5B9A-C20D-8A0B-1485191AA617}.Release|Any CPU.ActiveCfg = Release|Any CPU
		{FD2C6E6E-5B9A-C20D-8A0B-1485191AA617}.Release|Any CPU.Build.0 = Release|Any CPU
	EndGlobalSection
	GlobalSection(SolutionProperties) = preSolution
		HideSolutionNode = FALSE
	EndGlobalSection
EndGlobal
